// !$*UTF8*$!
{
	archiveVersion = 1;
	classes = {
	};
	objectVersion = 50;
	objects = {

/* Begin PBXBuildFile section */
		670C537A25D5E963008681AE /* AppDelegate.swift in Sources */ = {isa = PBXBuildFile; fileRef = 670C537925D5E963008681AE /* AppDelegate.swift */; };
		670C537C25D5E963008681AE /* SceneDelegate.swift in Sources */ = {isa = PBXBuildFile; fileRef = 670C537B25D5E963008681AE /* SceneDelegate.swift */; };
		670C538125D5E963008681AE /* Main.storyboard in Resources */ = {isa = PBXBuildFile; fileRef = 670C537F25D5E963008681AE /* Main.storyboard */; };
		670C538325D5E965008681AE /* Assets.xcassets in Resources */ = {isa = PBXBuildFile; fileRef = 670C538225D5E965008681AE /* Assets.xcassets */; };
		670C538625D5E965008681AE /* LaunchScreen.storyboard in Resources */ = {isa = PBXBuildFile; fileRef = 670C538425D5E965008681AE /* LaunchScreen.storyboard */; };
		670C539025D5E9BA008681AE /* TableViewController.swift in Sources */ = {isa = PBXBuildFile; fileRef = 670C538F25D5E9BA008681AE /* TableViewController.swift */; };
		670C539525D5EA48008681AE /* TableViewCell.swift in Sources */ = {isa = PBXBuildFile; fileRef = 670C539325D5EA48008681AE /* TableViewCell.swift */; };
		670C539625D5EA48008681AE /* TableViewCell.xib in Resources */ = {isa = PBXBuildFile; fileRef = 670C539425D5EA48008681AE /* TableViewCell.xib */; };
/* End PBXBuildFile section */

/* Begin PBXFileReference section */
		670C537625D5E963008681AE /* Assignment4_CityTemperature_tableView.app */ = {isa = PBXFileReference; explicitFileType = wrapper.application; includeInIndex = 0; path = Assignment4_CityTemperature_tableView.app; sourceTree = BUILT_PRODUCTS_DIR; };
		670C537925D5E963008681AE /* AppDelegate.swift */ = {isa = PBXFileReference; lastKnownFileType = sourcecode.swift; path = AppDelegate.swift; sourceTree = "<group>"; };
		670C537B25D5E963008681AE /* SceneDelegate.swift */ = {isa = PBXFileReference; lastKnownFileType = sourcecode.swift; path = SceneDelegate.swift; sourceTree = "<group>"; };
		670C538025D5E963008681AE /* Base */ = {isa = PBXFileReference; lastKnownFileType = file.storyboard; name = Base; path = Base.lproj/Main.storyboard; sourceTree = "<group>"; };
		670C538225D5E965008681AE /* Assets.xcassets */ = {isa = PBXFileReference; lastKnownFileType = folder.assetcatalog; path = Assets.xcassets; sourceTree = "<group>"; };
		670C538525D5E965008681AE /* Base */ = {isa = PBXFileReference; lastKnownFileType = file.storyboard; name = Base; path = Base.lproj/LaunchScreen.storyboard; sourceTree = "<group>"; };
		670C538725D5E965008681AE /* Info.plist */ = {isa = PBXFileReference; lastKnownFileType = text.plist.xml; path = Info.plist; sourceTree = "<group>"; };
		670C538F25D5E9BA008681AE /* TableViewController.swift */ = {isa = PBXFileReference; lastKnownFileType = sourcecode.swift; path = TableViewController.swift; sourceTree = "<group>"; };
		670C539325D5EA48008681AE /* TableViewCell.swift */ = {isa = PBXFileReference; lastKnownFileType = sourcecode.swift; path = TableViewCell.swift; sourceTree = "<group>"; };
		670C539425D5EA48008681AE /* TableViewCell.xib */ = {isa = PBXFileReference; lastKnownFileType = file.xib; path = TableViewCell.xib; sourceTree = "<group>"; };
/* End PBXFileReference section */

/* Begin PBXFrameworksBuildPhase section */
		670C537325D5E963008681AE /* Frameworks */ = {
			isa = PBXFrameworksBuildPhase;
			buildActionMask = 2147483647;
			files = (
			);
			runOnlyForDeploymentPostprocessing = 0;
		};
/* End PBXFrameworksBuildPhase section */

/* Begin PBXGroup section */
		670C536D25D5E963008681AE = {
			isa = PBXGroup;
			children = (
				670C537825D5E963008681AE /* Assignment4_CityTemperature_tableView */,
				670C537725D5E963008681AE /* Products */,
			);
			sourceTree = "<group>";
		};
		670C537725D5E963008681AE /* Products */ = {
			isa = PBXGroup;
			children = (
				670C537625D5E963008681AE /* Assignment4_CityTemperature_tableView.app */,
			);
			name = Products;
			sourceTree = "<group>";
		};
		670C537825D5E963008681AE /* Assignment4_CityTemperature_tableView */ = {
			isa = PBXGroup;
			children = (
				670C537925D5E963008681AE /* AppDelegate.swift */,
				670C537B25D5E963008681AE /* SceneDelegate.swift */,
				670C537F25D5E963008681AE /* Main.storyboard */,
				670C538225D5E965008681AE /* Assets.xcassets */,
				670C538425D5E965008681AE /* LaunchScreen.storyboard */,
				670C538725D5E965008681AE /* Info.plist */,
				670C538F25D5E9BA008681AE /* TableViewController.swift */,
				670C539325D5EA48008681AE /* TableViewCell.swift */,
				670C539425D5EA48008681AE /* TableViewCell.xib */,
			);
			path = Assignment4_CityTemperature_tableView;
			sourceTree = "<group>";
		};
/* End PBXGroup section */

/* Begin PBXNativeTarget section */
		670C537525D5E963008681AE /* Assignment4_CityTemperature_tableView */ = {
			isa = PBXNativeTarget;
			buildConfigurationList = 670C538A25D5E965008681AE /* Build configuration list for PBXNativeTarget "Assignment4_CityTemperature_tableView" */;
			buildPhases = (
				670C537225D5E963008681AE /* Sources */,
				670C537325D5E963008681AE /* Frameworks */,
				670C537425D5E963008681AE /* Resources */,
			);
			buildRules = (
			);
			dependencies = (
			);
			name = Assignment4_CityTemperature_tableView;
			productName = Assignment4_CityTemperature_tableView;
			productReference = 670C537625D5E963008681AE /* Assignment4_CityTemperature_tableView.app */;
			productType = "com.apple.product-type.application";
		};
/* End PBXNativeTarget section */

/* Begin PBXProject section */
		670C536E25D5E963008681AE /* Project object */ = {
			isa = PBXProject;
			attributes = {
				LastSwiftUpdateCheck = 1240;
				LastUpgradeCheck = 1240;
				TargetAttributes = {
					670C537525D5E963008681AE = {
						CreatedOnToolsVersion = 12.4;
					};
				};
			};
			buildConfigurationList = 670C537125D5E963008681AE /* Build configuration list for PBXProject "Assignment4_CityTemperature_tableView" */;
			compatibilityVersion = "Xcode 9.3";
			developmentRegion = en;
			hasScannedForEncodings = 0;
			knownRegions = (
				en,
				Base,
			);
			mainGroup = 670C536D25D5E963008681AE;
			productRefGroup = 670C537725D5E963008681AE /* Products */;
			projectDirPath = "";
			projectRoot = "";
			targets = (
				670C537525D5E963008681AE /* Assignment4_CityTemperature_tableView */,
			);
		};
/* End PBXProject section */

/* Begin PBXResourcesBuildPhase section */
		670C537425D5E963008681AE /* Resources */ = {
			isa = PBXResourcesBuildPhase;
			buildActionMask = 2147483647;
			files = (
				670C538625D5E965008681AE /* LaunchScreen.storyboard in Resources */,
				670C539625D5EA48008681AE /* TableViewCell.xib in Resources */,
				670C538325D5E965008681AE /* Assets.xcassets in Resources */,
				670C538125D5E963008681AE /* Main.storyboard in Resources */,
			);
			runOnlyForDeploymentPostprocessing = 0;
		};
/* End PBXResourcesBuildPhase section */

/* Begin PBXSourcesBuildPhase section */
		670C537225D5E963008681AE /* Sources */ = {
			isa = PBXSourcesBuildPhase;
			buildActionMask = 2147483647;
			files = (
				670C537A25D5E963008681AE /* AppDelegate.swift in Sources */,
				670C539525D5EA48008681AE /* TableViewCell.swift in Sources */,
				670C539025D5E9BA008681AE /* TableViewController.swift in Sources */,
				670C537C25D5E963008681AE /* SceneDelegate.swift in Sources */,
			);
			runOnlyForDeploymentPostprocessing = 0;
		};
/* End PBXSourcesBuildPhase section */

/* Begin PBXVariantGroup section */
		670C537F25D5E963008681AE /* Main.storyboard */ = {
			isa = PBXVariantGroup;
			children = (
				670C538025D5E963008681AE /* Base */,
			);
			name = Main.storyboard;
			sourceTree = "<group>";
		};
		670C538425D5E965008681AE /* LaunchScreen.storyboard */ = {
			isa = PBXVariantGroup;
			children = (
				670C538525D5E965008681AE /* Base */,
			);
			name = LaunchScreen.storyboard;
			sourceTree = "<group>";
		};
/* End PBXVariantGroup section */

/* Begin XCBuildConfiguration section */
		670C538825D5E965008681AE /* Debug */ = {
			isa = XCBuildConfiguration;
			buildSettings = {
				ALWAYS_SEARCH_USER_PATHS = NO;
				CLANG_ANALYZER_NONNULL = YES;
				CLANG_ANALYZER_NUMBER_OBJECT_CONVERSION = YES_AGGRESSIVE;
				CLANG_CXX_LANGUAGE_STANDARD = "gnu++14";
				CLANG_CXX_LIBRARY = "libc++";
				CLANG_ENABLE_MODULES = YES;
				CLANG_ENABLE_OBJC_ARC = YES;
				CLANG_ENABLE_OBJC_WEAK = YES;
				CLANG_WARN_BLOCK_CAPTURE_AUTORELEASING = YES;
				CLANG_WARN_BOOL_CONVERSION = YES;
				CLANG_WARN_COMMA = YES;
				CLANG_WARN_CONSTANT_CONVERSION = YES;
				CLANG_WARN_DEPRECATED_OBJC_IMPLEMENTATIONS = YES;
				CLANG_WARN_DIRECT_OBJC_ISA_USAGE = YES_ERROR;
				CLANG_WARN_DOCUMENTATION_COMMENTS = YES;
				CLANG_WARN_EMPTY_BODY = YES;
				CLANG_WARN_ENUM_CONVERSION = YES;
				CLANG_WARN_INFINITE_RECURSION = YES;
				CLANG_WARN_INT_CONVERSION = YES;
				CLANG_WARN_NON_LITERAL_NULL_CONVERSION = YES;
				CLANG_WARN_OBJC_IMPLICIT_RETAIN_SELF = YES;
				CLANG_WARN_OBJC_LITERAL_CONVERSION = YES;
				CLANG_WARN_OBJC_ROOT_CLASS = YES_ERROR;
				CLANG_WARN_QUOTED_INCLUDE_IN_FRAMEWORK_HEADER = YES;
				CLANG_WARN_RANGE_LOOP_ANALYSIS = YES;
				CLANG_WARN_STRICT_PROTOTYPES = YES;
				CLANG_WARN_SUSPICIOUS_MOVE = YES;
				CLANG_WARN_UNGUARDED_AVAILABILITY = YES_AGGRESSIVE;
				CLANG_WARN_UNREACHABLE_CODE = YES;
				CLANG_WARN__DUPLICATE_METHOD_MATCH = YES;
				COPY_PHASE_STRIP = NO;
				DEBUG_INFORMATION_FORMAT = dwarf;
				ENABLE_STRICT_OBJC_MSGSEND = YES;
				ENABLE_TESTABILITY = YES;
				GCC_C_LANGUAGE_STANDARD = gnu11;
				GCC_DYNAMIC_NO_PIC = NO;
				GCC_NO_COMMON_BLOCKS = YES;
				GCC_OPTIMIZATION_LEVEL = 0;
				GCC_PREPROCESSOR_DEFINITIONS = (
					"DEBUG=1",
					"$(inherited)",
				);
				GCC_WARN_64_TO_32_BIT_CONVERSION = YES;
				GCC_WARN_ABOUT_RETURN_TYPE = YES_ERROR;
				GCC_WARN_UNDECLARED_SELECTOR = YES;
				GCC_WARN_UNINITIALIZED_AUTOS = YES_AGGRESSIVE;
				GCC_WARN_UNUSED_FUNCTION = YES;
				GCC_WARN_UNUSED_VARIABLE = YES;
				IPHONEOS_DEPLOYMENT_TARGET = 14.4;
				MTL_ENABLE_DEBUG_INFO = INCLUDE_SOURCE;
				MTL_FAST_MATH = YES;
				ONLY_ACTIVE_ARCH = YES;
				SDKROOT = iphoneos;
				SWIFT_ACTIVE_COMPILATION_CONDITIONS = DEBUG;
				SWIFT_OPTIMIZATION_LEVEL = "-Onone";
			};
			name = Debug;
		};
		670C538925D5E965008681AE /* Release */ = {
			isa = XCBuildConfiguration;
			buildSettings = {
				ALWAYS_SEARCH_USER_PATHS = NO;
				CLANG_ANALYZER_NONNULL = YES;
				CLANG_ANALYZER_NUMBER_OBJECT_CONVERSION = YES_AGGRESSIVE;
				CLANG_CXX_LANGUAGE_STANDARD = "gnu++14";
				CLANG_CXX_LIBRARY = "libc++";
				CLANG_ENABLE_MODULES = YES;
				CLANG_ENABLE_OBJC_ARC = YES;
				CLANG_ENABLE_OBJC_WEAK = YES;
				CLANG_WARN_BLOCK_CAPTURE_AUTORELEASING = YES;
				CLANG_WARN_BOOL_CONVERSION = YES;
				CLANG_WARN_COMMA = YES;
				CLANG_WARN_CONSTANT_CONVERSION = YES;
				CLANG_WARN_DEPRECATED_OBJC_IMPLEMENTATIONS = YES;
				CLANG_WARN_DIRECT_OBJC_ISA_USAGE = YES_ERROR;
				CLANG_WARN_DOCUMENTATION_COMMENTS = YES;
				CLANG_WARN_EMPTY_BODY = YES;
				CLANG_WARN_ENUM_CONVERSION = YES;
				CLANG_WARN_INFINITE_RECURSION = YES;
				CLANG_WARN_INT_CONVERSION = YES;
				CLANG_WARN_NON_LITERAL_NULL_CONVERSION = YES;
				CLANG_WARN_OBJC_IMPLICIT_RETAIN_SELF = YES;
				CLANG_WARN_OBJC_LITERAL_CONVERSION = YES;
				CLANG_WARN_OBJC_ROOT_CLASS = YES_ERROR;
				CLANG_WARN_QUOTED_INCLUDE_IN_FRAMEWORK_HEADER = YES;
				CLANG_WARN_RANGE_LOOP_ANALYSIS = YES;
				CLANG_WARN_STRICT_PROTOTYPES = YES;
				CLANG_WARN_SUSPICIOUS_MOVE = YES;
				CLANG_WARN_UNGUARDED_AVAILABILITY = YES_AGGRESSIVE;
				CLANG_WARN_UNREACHABLE_CODE = YES;
				CLANG_WARN__DUPLICATE_METHOD_MATCH = YES;
				COPY_PHASE_STRIP = NO;
				DEBUG_INFORMATION_FORMAT = "dwarf-with-dsym";
				ENABLE_NS_ASSERTIONS = NO;
				ENABLE_STRICT_OBJC_MSGSEND = YES;
				GCC_C_LANGUAGE_STANDARD = gnu11;
				GCC_NO_COMMON_BLOCKS = YES;
				GCC_WARN_64_TO_32_BIT_CONVERSION = YES;
				GCC_WARN_ABOUT_RETURN_TYPE = YES_ERROR;
				GCC_WARN_UNDECLARED_SELECTOR = YES;
				GCC_WARN_UNINITIALIZED_AUTOS = YES_AGGRESSIVE;
				GCC_WARN_UNUSED_FUNCTION = YES;
				GCC_WARN_UNUSED_VARIABLE = YES;
				IPHONEOS_DEPLOYMENT_TARGET = 14.4;
				MTL_ENABLE_DEBUG_INFO = NO;
				MTL_FAST_MATH = YES;
				SDKROOT = iphoneos;
				SWIFT_COMPILATION_MODE = wholemodule;
				SWIFT_OPTIMIZATION_LEVEL = "-O";
				VALIDATE_PRODUCT = YES;
			};
			name = Release;
		};
		670C538B25D5E965008681AE /* Debug */ = {
			isa = XCBuildConfiguration;
			buildSettings = {
				ASSETCATALOG_COMPILER_APPICON_NAME = AppIcon;
				ASSETCATALOG_COMPILER_GLOBAL_ACCENT_COLOR_NAME = AccentColor;
				CODE_SIGN_STYLE = Automatic;
				INFOPLIST_FILE = Assignment4_CityTemperature_tableView/Info.plist;
				LD_RUNPATH_SEARCH_PATHS = (
					"$(inherited)",
					"@executable_path/Frameworks",
				);
				PRODUCT_BUNDLE_IDENTIFIER = "northeastern.edu.Yanjing.Assignment4-CityTemperature-tableView";
				PRODUCT_NAME = "$(TARGET_NAME)";
				SWIFT_VERSION = 5.0;
				TARGETED_DEVICE_FAMILY = "1,2";
			};
			name = Debug;
		};
		670C538C25D5E965008681AE /* Release */ = {
			isa = XCBuildConfiguration;
			buildSettings = {
				ASSETCATALOG_COMPILER_APPICON_NAME = AppIcon;
				ASSETCATALOG_COMPILER_GLOBAL_ACCENT_COLOR_NAME = AccentColor;
				CODE_SIGN_STYLE = Automatic;
				INFOPLIST_FILE = Assignment4_CityTemperature_tableView/Info.plist;
				LD_RUNPATH_SEARCH_PATHS = (
					"$(inherited)",
					"@executable_path/Frameworks",
				);
				PRODUCT_BUNDLE_IDENTIFIER = "northeastern.edu.Yanjing.Assignment4-CityTemperature-tableView";
				PRODUCT_NAME = "$(TARGET_NAME)";
				SWIFT_VERSION = 5.0;
				TARGETED_DEVICE_FAMILY = "1,2";
			};
			name = Release;
		};
/* End XCBuildConfiguration section */

/* Begin XCConfigurationList section */
		670C537125D5E963008681AE /* Build configuration list for PBXProject "Assignment4_CityTemperature_tableView" */ = {
			isa = XCConfigurationList;
			buildConfigurations = (
				670C538825D5E965008681AE /* Debug */,
				670C538925D5E965008681AE /* Release */,
			);
			defaultConfigurationIsVisible = 0;
			defaultConfigurationName = Release;
		};
		670C538A25D5E965008681AE /* Build configuration list for PBXNativeTarget "Assignment4_CityTemperature_tableView" */ = {
			isa = XCConfigurationList;
			buildConfigurations = (
				670C538B25D5E965008681AE /* Debug */,
				670C538C25D5E965008681AE /* Release */,
			);
			defaultConfigurationIsVisible = 0;
			defaultConfigurationName = Release;
		};
/* End XCConfigurationList section */
	};
	rootObject = 670C536E25D5E963008681AE /* Project object */;
}
